// !$*UTF8*$!
{
	archiveVersion = 1;
	classes = {
	};
	objectVersion = 51;
	objects = {

/* Begin PBXBuildFile section */
		CFB148D70FFE3548B2F2B024 /* Pods_PokedexViper.framework in Frameworks */ = {isa = PBXBuildFile; fileRef = EADD6813D1C287581D839014 /* Pods_PokedexViper.framework */; };
		D653D7A2CDA1FB42CD21FA0A /* Pods_PokedexViperTests.framework in Frameworks */ = {isa = PBXBuildFile; fileRef = DA209379E34EA5781ACED2D4 /* Pods_PokedexViperTests.framework */; };
		F36AEEE4245E69B30053F40A /* AppDelegate.swift in Sources */ = {isa = PBXBuildFile; fileRef = F36AEEE3245E69B30053F40A /* AppDelegate.swift */; };
		F36AEEE6245E69B30053F40A /* SceneDelegate.swift in Sources */ = {isa = PBXBuildFile; fileRef = F36AEEE5245E69B30053F40A /* SceneDelegate.swift */; };
		F36AEEE8245E69B30053F40A /* HomeListView.swift in Sources */ = {isa = PBXBuildFile; fileRef = F36AEEE7245E69B30053F40A /* HomeListView.swift */; };
		F36AEEEB245E69B30053F40A /* Main.storyboard in Resources */ = {isa = PBXBuildFile; fileRef = F36AEEE9245E69B30053F40A /* Main.storyboard */; };
		F36AEEED245E69B70053F40A /* Assets.xcassets in Resources */ = {isa = PBXBuildFile; fileRef = F36AEEEC245E69B70053F40A /* Assets.xcassets */; };
		F36AEEF0245E69B70053F40A /* LaunchScreen.storyboard in Resources */ = {isa = PBXBuildFile; fileRef = F36AEEEE245E69B70053F40A /* LaunchScreen.storyboard */; };
		F36AEEFB245E69B70053F40A /* PokedexViperTests.swift in Sources */ = {isa = PBXBuildFile; fileRef = F36AEEFA245E69B70053F40A /* PokedexViperTests.swift */; };
		F36AEF07245E70150053F40A /* Typography.swift in Sources */ = {isa = PBXBuildFile; fileRef = F36AEF06245E70150053F40A /* Typography.swift */; };
		F36AEF09245E721F0053F40A /* Colors.swift in Sources */ = {isa = PBXBuildFile; fileRef = F36AEF08245E721F0053F40A /* Colors.swift */; };
		F36AEF0D245F199A0053F40A /* HomeWireframe.swift in Sources */ = {isa = PBXBuildFile; fileRef = F36AEF0C245F199A0053F40A /* HomeWireframe.swift */; };
		F3CD7FA22460D21100ABB9C5 /* BoxView.swift in Sources */ = {isa = PBXBuildFile; fileRef = F3CD7FA12460D21100ABB9C5 /* BoxView.swift */; };
		F3CD7FAB2461075D00ABB9C5 /* HomeCell.swift in Sources */ = {isa = PBXBuildFile; fileRef = F3CD7FA92461075D00ABB9C5 /* HomeCell.swift */; };
		F3CD7FAC2461075D00ABB9C5 /* HomeCell.xib in Resources */ = {isa = PBXBuildFile; fileRef = F3CD7FAA2461075D00ABB9C5 /* HomeCell.xib */; };
		F3CD7FAE24610DEB00ABB9C5 /* Helper.swift in Sources */ = {isa = PBXBuildFile; fileRef = F3CD7FAD24610DEB00ABB9C5 /* Helper.swift */; };
		F3CD7FB024610E2700ABB9C5 /* ReusableIdentifier.swift in Sources */ = {isa = PBXBuildFile; fileRef = F3CD7FAF24610E2700ABB9C5 /* ReusableIdentifier.swift */; };
		F3CD7FB42461A09F00ABB9C5 /* PokemonManager.swift in Sources */ = {isa = PBXBuildFile; fileRef = F3CD7FB32461A09F00ABB9C5 /* PokemonManager.swift */; };
		F3CD7FB62461A0B600ABB9C5 /* PokemonRouter.swift in Sources */ = {isa = PBXBuildFile; fileRef = F3CD7FB52461A0B600ABB9C5 /* PokemonRouter.swift */; };
		F3CD7FB82461A37300ABB9C5 /* HomeModel.swift in Sources */ = {isa = PBXBuildFile; fileRef = F3CD7FB72461A37300ABB9C5 /* HomeModel.swift */; };
		F3CD7FBA2461A3B700ABB9C5 /* Kalo.swift in Sources */ = {isa = PBXBuildFile; fileRef = F3CD7FB92461A3B700ABB9C5 /* Kalo.swift */; };
		F3CD7FBE2461A59A00ABB9C5 /* HomeInteractor.swift in Sources */ = {isa = PBXBuildFile; fileRef = F3CD7FBD2461A59A00ABB9C5 /* HomeInteractor.swift */; };
		F3CD7FC02461A5AC00ABB9C5 /* HomeProtocol.swift in Sources */ = {isa = PBXBuildFile; fileRef = F3CD7FBF2461A5AC00ABB9C5 /* HomeProtocol.swift */; };
		F3CD7FC22461A5BE00ABB9C5 /* HomePresenter.swift in Sources */ = {isa = PBXBuildFile; fileRef = F3CD7FC12461A5BE00ABB9C5 /* HomePresenter.swift */; };
		F3CD7FC42461A7D500ABB9C5 /* HomeEntity.swift in Sources */ = {isa = PBXBuildFile; fileRef = F3CD7FC32461A7D500ABB9C5 /* HomeEntity.swift */; };
		F3CD7FC62461A98700ABB9C5 /* HomeEntityMapper.swift in Sources */ = {isa = PBXBuildFile; fileRef = F3CD7FC52461A98700ABB9C5 /* HomeEntityMapper.swift */; };
		F3CD7FC82461AB9F00ABB9C5 /* HomeItem.swift in Sources */ = {isa = PBXBuildFile; fileRef = F3CD7FC72461AB9F00ABB9C5 /* HomeItem.swift */; };
		F3CD7FCB2461C06900ABB9C5 /* LoadingCell.swift in Sources */ = {isa = PBXBuildFile; fileRef = F3CD7FC92461C06900ABB9C5 /* LoadingCell.swift */; };
		F3CD7FCC2461C06900ABB9C5 /* LoadingCell.xib in Resources */ = {isa = PBXBuildFile; fileRef = F3CD7FCA2461C06900ABB9C5 /* LoadingCell.xib */; };
		F3CD7FCF2461DF4700ABB9C5 /* GenerationListView.swift in Sources */ = {isa = PBXBuildFile; fileRef = F3CD7FCE2461DF4700ABB9C5 /* GenerationListView.swift */; };
		F3CD7FD12461DF7A00ABB9C5 /* GenerationProtocol.swift in Sources */ = {isa = PBXBuildFile; fileRef = F3CD7FD02461DF7A00ABB9C5 /* GenerationProtocol.swift */; };
		F3CD7FD32461DFAA00ABB9C5 /* GenerationPresenter.swift in Sources */ = {isa = PBXBuildFile; fileRef = F3CD7FD22461DFAA00ABB9C5 /* GenerationPresenter.swift */; };
		F3CD7FD62461E03C00ABB9C5 /* GenerationCell.swift in Sources */ = {isa = PBXBuildFile; fileRef = F3CD7FD42461E03C00ABB9C5 /* GenerationCell.swift */; };
		F3CD7FD72461E03C00ABB9C5 /* GenerationCell.xib in Resources */ = {isa = PBXBuildFile; fileRef = F3CD7FD52461E03C00ABB9C5 /* GenerationCell.xib */; };
		F3CD7FD92461ECB900ABB9C5 /* GenerationInteractor.swift in Sources */ = {isa = PBXBuildFile; fileRef = F3CD7FD82461ECB900ABB9C5 /* GenerationInteractor.swift */; };
		F3CD7FDB2461ECE300ABB9C5 /* GenerationEntity.swift in Sources */ = {isa = PBXBuildFile; fileRef = F3CD7FDA2461ECE300ABB9C5 /* GenerationEntity.swift */; };
		F3CD7FDD2461F12000ABB9C5 /* Generationitem.swift in Sources */ = {isa = PBXBuildFile; fileRef = F3CD7FDC2461F12000ABB9C5 /* Generationitem.swift */; };
		F3CD7FDF2461F28300ABB9C5 /* GenerationWiframe.swift in Sources */ = {isa = PBXBuildFile; fileRef = F3CD7FDE2461F28300ABB9C5 /* GenerationWiframe.swift */; };
		F3CD7FE2246210DA00ABB9C5 /* GenerationHeader.swift in Sources */ = {isa = PBXBuildFile; fileRef = F3CD7FE0246210DA00ABB9C5 /* GenerationHeader.swift */; };
		F3CD7FE3246210DB00ABB9C5 /* GenerationHeader.xib in Resources */ = {isa = PBXBuildFile; fileRef = F3CD7FE1246210DA00ABB9C5 /* GenerationHeader.xib */; };
		F3CD7FE524621EDF00ABB9C5 /* GeneractionModel.swift in Sources */ = {isa = PBXBuildFile; fileRef = F3CD7FE424621EDF00ABB9C5 /* GeneractionModel.swift */; };
		F3CD7FE7246223D600ABB9C5 /* GenerationPokemonEntity.swift in Sources */ = {isa = PBXBuildFile; fileRef = F3CD7FE6246223D600ABB9C5 /* GenerationPokemonEntity.swift */; };
/* End PBXBuildFile section */

/* Begin PBXContainerItemProxy section */
		F36AEEF7245E69B70053F40A /* PBXContainerItemProxy */ = {
			isa = PBXContainerItemProxy;
			containerPortal = F36AEED8245E69B20053F40A /* Project object */;
			proxyType = 1;
			remoteGlobalIDString = F36AEEDF245E69B30053F40A;
			remoteInfo = PokedexViper;
		};
/* End PBXContainerItemProxy section */

/* Begin PBXFileReference section */
		364FA6C71A2E5F22A592CFEC /* Pods-PokedexViperTests.release.xcconfig */ = {isa = PBXFileReference; includeInIndex = 1; lastKnownFileType = text.xcconfig; name = "Pods-PokedexViperTests.release.xcconfig"; path = "Target Support Files/Pods-PokedexViperTests/Pods-PokedexViperTests.release.xcconfig"; sourceTree = "<group>"; };
		70ED9C29223377575A3C6E6B /* Pods-PokedexViper.release.xcconfig */ = {isa = PBXFileReference; includeInIndex = 1; lastKnownFileType = text.xcconfig; name = "Pods-PokedexViper.release.xcconfig"; path = "Target Support Files/Pods-PokedexViper/Pods-PokedexViper.release.xcconfig"; sourceTree = "<group>"; };
		8603D3344C52B3158CB421F8 /* Pods-PokedexViper.debug.xcconfig */ = {isa = PBXFileReference; includeInIndex = 1; lastKnownFileType = text.xcconfig; name = "Pods-PokedexViper.debug.xcconfig"; path = "Target Support Files/Pods-PokedexViper/Pods-PokedexViper.debug.xcconfig"; sourceTree = "<group>"; };
		DA209379E34EA5781ACED2D4 /* Pods_PokedexViperTests.framework */ = {isa = PBXFileReference; explicitFileType = wrapper.framework; includeInIndex = 0; path = Pods_PokedexViperTests.framework; sourceTree = BUILT_PRODUCTS_DIR; };
		E15154343DFA8AC5D417A248 /* Pods-PokedexViperTests.debug.xcconfig */ = {isa = PBXFileReference; includeInIndex = 1; lastKnownFileType = text.xcconfig; name = "Pods-PokedexViperTests.debug.xcconfig"; path = "Target Support Files/Pods-PokedexViperTests/Pods-PokedexViperTests.debug.xcconfig"; sourceTree = "<group>"; };
		EADD6813D1C287581D839014 /* Pods_PokedexViper.framework */ = {isa = PBXFileReference; explicitFileType = wrapper.framework; includeInIndex = 0; path = Pods_PokedexViper.framework; sourceTree = BUILT_PRODUCTS_DIR; };
		F36AEEE0245E69B30053F40A /* PokedexViper.app */ = {isa = PBXFileReference; explicitFileType = wrapper.application; includeInIndex = 0; path = PokedexViper.app; sourceTree = BUILT_PRODUCTS_DIR; };
		F36AEEE3245E69B30053F40A /* AppDelegate.swift */ = {isa = PBXFileReference; lastKnownFileType = sourcecode.swift; path = AppDelegate.swift; sourceTree = "<group>"; };
		F36AEEE5245E69B30053F40A /* SceneDelegate.swift */ = {isa = PBXFileReference; lastKnownFileType = sourcecode.swift; path = SceneDelegate.swift; sourceTree = "<group>"; };
		F36AEEE7245E69B30053F40A /* HomeListView.swift */ = {isa = PBXFileReference; lastKnownFileType = sourcecode.swift; path = HomeListView.swift; sourceTree = "<group>"; };
		F36AEEEA245E69B30053F40A /* Base */ = {isa = PBXFileReference; lastKnownFileType = file.storyboard; name = Base; path = Base.lproj/Main.storyboard; sourceTree = "<group>"; };
		F36AEEEC245E69B70053F40A /* Assets.xcassets */ = {isa = PBXFileReference; lastKnownFileType = folder.assetcatalog; path = Assets.xcassets; sourceTree = "<group>"; };
		F36AEEEF245E69B70053F40A /* Base */ = {isa = PBXFileReference; lastKnownFileType = file.storyboard; name = Base; path = Base.lproj/LaunchScreen.storyboard; sourceTree = "<group>"; };
		F36AEEF1245E69B70053F40A /* Info.plist */ = {isa = PBXFileReference; lastKnownFileType = text.plist.xml; path = Info.plist; sourceTree = "<group>"; };
		F36AEEF6245E69B70053F40A /* PokedexViperTests.xctest */ = {isa = PBXFileReference; explicitFileType = wrapper.cfbundle; includeInIndex = 0; path = PokedexViperTests.xctest; sourceTree = BUILT_PRODUCTS_DIR; };
		F36AEEFA245E69B70053F40A /* PokedexViperTests.swift */ = {isa = PBXFileReference; lastKnownFileType = sourcecode.swift; path = PokedexViperTests.swift; sourceTree = "<group>"; };
		F36AEEFC245E69B70053F40A /* Info.plist */ = {isa = PBXFileReference; lastKnownFileType = text.plist.xml; path = Info.plist; sourceTree = "<group>"; };
		F36AEF06245E70150053F40A /* Typography.swift */ = {isa = PBXFileReference; lastKnownFileType = sourcecode.swift; path = Typography.swift; sourceTree = "<group>"; };
		F36AEF08245E721F0053F40A /* Colors.swift */ = {isa = PBXFileReference; lastKnownFileType = sourcecode.swift; path = Colors.swift; sourceTree = "<group>"; };
		F36AEF0C245F199A0053F40A /* HomeWireframe.swift */ = {isa = PBXFileReference; lastKnownFileType = sourcecode.swift; path = HomeWireframe.swift; sourceTree = "<group>"; };
		F3CD7FA12460D21100ABB9C5 /* BoxView.swift */ = {isa = PBXFileReference; lastKnownFileType = sourcecode.swift; path = BoxView.swift; sourceTree = "<group>"; };
		F3CD7FA92461075D00ABB9C5 /* HomeCell.swift */ = {isa = PBXFileReference; lastKnownFileType = sourcecode.swift; path = HomeCell.swift; sourceTree = "<group>"; };
		F3CD7FAA2461075D00ABB9C5 /* HomeCell.xib */ = {isa = PBXFileReference; lastKnownFileType = file.xib; path = HomeCell.xib; sourceTree = "<group>"; };
		F3CD7FAD24610DEB00ABB9C5 /* Helper.swift */ = {isa = PBXFileReference; lastKnownFileType = sourcecode.swift; path = Helper.swift; sourceTree = "<group>"; };
		F3CD7FAF24610E2700ABB9C5 /* ReusableIdentifier.swift */ = {isa = PBXFileReference; lastKnownFileType = sourcecode.swift; path = ReusableIdentifier.swift; sourceTree = "<group>"; };
		F3CD7FB32461A09F00ABB9C5 /* PokemonManager.swift */ = {isa = PBXFileReference; lastKnownFileType = sourcecode.swift; path = PokemonManager.swift; sourceTree = "<group>"; };
		F3CD7FB52461A0B600ABB9C5 /* PokemonRouter.swift */ = {isa = PBXFileReference; lastKnownFileType = sourcecode.swift; path = PokemonRouter.swift; sourceTree = "<group>"; };
		F3CD7FB72461A37300ABB9C5 /* HomeModel.swift */ = {isa = PBXFileReference; lastKnownFileType = sourcecode.swift; path = HomeModel.swift; sourceTree = "<group>"; };
		F3CD7FB92461A3B700ABB9C5 /* Kalo.swift */ = {isa = PBXFileReference; lastKnownFileType = sourcecode.swift; path = Kalo.swift; sourceTree = "<group>"; };
		F3CD7FBD2461A59A00ABB9C5 /* HomeInteractor.swift */ = {isa = PBXFileReference; lastKnownFileType = sourcecode.swift; path = HomeInteractor.swift; sourceTree = "<group>"; };
		F3CD7FBF2461A5AC00ABB9C5 /* HomeProtocol.swift */ = {isa = PBXFileReference; lastKnownFileType = sourcecode.swift; path = HomeProtocol.swift; sourceTree = "<group>"; };
		F3CD7FC12461A5BE00ABB9C5 /* HomePresenter.swift */ = {isa = PBXFileReference; lastKnownFileType = sourcecode.swift; path = HomePresenter.swift; sourceTree = "<group>"; };
		F3CD7FC32461A7D500ABB9C5 /* HomeEntity.swift */ = {isa = PBXFileReference; lastKnownFileType = sourcecode.swift; path = HomeEntity.swift; sourceTree = "<group>"; };
		F3CD7FC52461A98700ABB9C5 /* HomeEntityMapper.swift */ = {isa = PBXFileReference; lastKnownFileType = sourcecode.swift; path = HomeEntityMapper.swift; sourceTree = "<group>"; };
		F3CD7FC72461AB9F00ABB9C5 /* HomeItem.swift */ = {isa = PBXFileReference; lastKnownFileType = sourcecode.swift; path = HomeItem.swift; sourceTree = "<group>"; };
		F3CD7FC92461C06900ABB9C5 /* LoadingCell.swift */ = {isa = PBXFileReference; lastKnownFileType = sourcecode.swift; path = LoadingCell.swift; sourceTree = "<group>"; };
		F3CD7FCA2461C06900ABB9C5 /* LoadingCell.xib */ = {isa = PBXFileReference; lastKnownFileType = file.xib; path = LoadingCell.xib; sourceTree = "<group>"; };
		F3CD7FCE2461DF4700ABB9C5 /* GenerationListView.swift */ = {isa = PBXFileReference; lastKnownFileType = sourcecode.swift; path = GenerationListView.swift; sourceTree = "<group>"; };
		F3CD7FD02461DF7A00ABB9C5 /* GenerationProtocol.swift */ = {isa = PBXFileReference; lastKnownFileType = sourcecode.swift; path = GenerationProtocol.swift; sourceTree = "<group>"; };
		F3CD7FD22461DFAA00ABB9C5 /* GenerationPresenter.swift */ = {isa = PBXFileReference; lastKnownFileType = sourcecode.swift; path = GenerationPresenter.swift; sourceTree = "<group>"; };
		F3CD7FD42461E03C00ABB9C5 /* GenerationCell.swift */ = {isa = PBXFileReference; lastKnownFileType = sourcecode.swift; path = GenerationCell.swift; sourceTree = "<group>"; };
		F3CD7FD52461E03C00ABB9C5 /* GenerationCell.xib */ = {isa = PBXFileReference; lastKnownFileType = file.xib; path = GenerationCell.xib; sourceTree = "<group>"; };
		F3CD7FD82461ECB900ABB9C5 /* GenerationInteractor.swift */ = {isa = PBXFileReference; lastKnownFileType = sourcecode.swift; path = GenerationInteractor.swift; sourceTree = "<group>"; };
		F3CD7FDA2461ECE300ABB9C5 /* GenerationEntity.swift */ = {isa = PBXFileReference; lastKnownFileType = sourcecode.swift; path = GenerationEntity.swift; sourceTree = "<group>"; };
		F3CD7FDC2461F12000ABB9C5 /* Generationitem.swift */ = {isa = PBXFileReference; lastKnownFileType = sourcecode.swift; path = Generationitem.swift; sourceTree = "<group>"; };
		F3CD7FDE2461F28300ABB9C5 /* GenerationWiframe.swift */ = {isa = PBXFileReference; lastKnownFileType = sourcecode.swift; path = GenerationWiframe.swift; sourceTree = "<group>"; };
		F3CD7FE0246210DA00ABB9C5 /* GenerationHeader.swift */ = {isa = PBXFileReference; lastKnownFileType = sourcecode.swift; path = GenerationHeader.swift; sourceTree = "<group>"; };
		F3CD7FE1246210DA00ABB9C5 /* GenerationHeader.xib */ = {isa = PBXFileReference; lastKnownFileType = file.xib; path = GenerationHeader.xib; sourceTree = "<group>"; };
		F3CD7FE424621EDF00ABB9C5 /* GeneractionModel.swift */ = {isa = PBXFileReference; lastKnownFileType = sourcecode.swift; path = GeneractionModel.swift; sourceTree = "<group>"; };
		F3CD7FE6246223D600ABB9C5 /* GenerationPokemonEntity.swift */ = {isa = PBXFileReference; lastKnownFileType = sourcecode.swift; path = GenerationPokemonEntity.swift; sourceTree = "<group>"; };
/* End PBXFileReference section */

/* Begin PBXFrameworksBuildPhase section */
		F36AEEDD245E69B30053F40A /* Frameworks */ = {
			isa = PBXFrameworksBuildPhase;
			buildActionMask = 2147483647;
			files = (
				CFB148D70FFE3548B2F2B024 /* Pods_PokedexViper.framework in Frameworks */,
			);
			runOnlyForDeploymentPostprocessing = 0;
		};
		F36AEEF3245E69B70053F40A /* Frameworks */ = {
			isa = PBXFrameworksBuildPhase;
			buildActionMask = 2147483647;
			files = (
				D653D7A2CDA1FB42CD21FA0A /* Pods_PokedexViperTests.framework in Frameworks */,
			);
			runOnlyForDeploymentPostprocessing = 0;
		};
/* End PBXFrameworksBuildPhase section */

/* Begin PBXGroup section */
		0CA7F06221663AD83A90C8E0 /* Pods */ = {
			isa = PBXGroup;
			children = (
				8603D3344C52B3158CB421F8 /* Pods-PokedexViper.debug.xcconfig */,
				70ED9C29223377575A3C6E6B /* Pods-PokedexViper.release.xcconfig */,
				E15154343DFA8AC5D417A248 /* Pods-PokedexViperTests.debug.xcconfig */,
				364FA6C71A2E5F22A592CFEC /* Pods-PokedexViperTests.release.xcconfig */,
			);
			path = Pods;
			sourceTree = "<group>";
		};
		7F696900755DB7279362321E /* Frameworks */ = {
			isa = PBXGroup;
			children = (
				EADD6813D1C287581D839014 /* Pods_PokedexViper.framework */,
				DA209379E34EA5781ACED2D4 /* Pods_PokedexViperTests.framework */,
			);
			name = Frameworks;
			sourceTree = "<group>";
		};
		F36AEED7245E69B20053F40A = {
			isa = PBXGroup;
			children = (
				F36AEEE2245E69B30053F40A /* PokedexViper */,
				F36AEEF9245E69B70053F40A /* PokedexViperTests */,
				F36AEEE1245E69B30053F40A /* Products */,
				0CA7F06221663AD83A90C8E0 /* Pods */,
				7F696900755DB7279362321E /* Frameworks */,
			);
			sourceTree = "<group>";
		};
		F36AEEE1245E69B30053F40A /* Products */ = {
			isa = PBXGroup;
			children = (
				F36AEEE0245E69B30053F40A /* PokedexViper.app */,
				F36AEEF6245E69B70053F40A /* PokedexViperTests.xctest */,
			);
			name = Products;
			sourceTree = "<group>";
		};
		F36AEEE2245E69B30053F40A /* PokedexViper */ = {
			isa = PBXGroup;
			children = (
				F3CD7FB12461A07A00ABB9C5 /* Common */,
				F36AEF0A245F19730053F40A /* Modules */,
				F36AEF05245E6FEC0053F40A /* Style Guide */,
				F36AEEE3245E69B30053F40A /* AppDelegate.swift */,
				F36AEEE5245E69B30053F40A /* SceneDelegate.swift */,
				F36AEEE9245E69B30053F40A /* Main.storyboard */,
				F36AEEEC245E69B70053F40A /* Assets.xcassets */,
				F36AEEEE245E69B70053F40A /* LaunchScreen.storyboard */,
				F36AEEF1245E69B70053F40A /* Info.plist */,
			);
			path = PokedexViper;
			sourceTree = "<group>";
		};
		F36AEEF9245E69B70053F40A /* PokedexViperTests */ = {
			isa = PBXGroup;
			children = (
				F36AEEFA245E69B70053F40A /* PokedexViperTests.swift */,
				F36AEEFC245E69B70053F40A /* Info.plist */,
			);
			path = PokedexViperTests;
			sourceTree = "<group>";
		};
		F36AEF05245E6FEC0053F40A /* Style Guide */ = {
			isa = PBXGroup;
			children = (
				F36AEF06245E70150053F40A /* Typography.swift */,
				F36AEF08245E721F0053F40A /* Colors.swift */,
			);
			path = "Style Guide";
			sourceTree = "<group>";
		};
		F36AEF0A245F19730053F40A /* Modules */ = {
			isa = PBXGroup;
			children = (
				F3CD7FCD2461DF1F00ABB9C5 /* Generations */,
				F36AEF0B245F19800053F40A /* Home */,
			);
			path = Modules;
			sourceTree = "<group>";
		};
		F36AEF0B245F19800053F40A /* Home */ = {
			isa = PBXGroup;
			children = (
				F36AEEE7245E69B30053F40A /* HomeListView.swift */,
				F36AEF0C245F199A0053F40A /* HomeWireframe.swift */,
				F3CD7FA92461075D00ABB9C5 /* HomeCell.swift */,
				F3CD7FAA2461075D00ABB9C5 /* HomeCell.xib */,
				F3CD7FBD2461A59A00ABB9C5 /* HomeInteractor.swift */,
				F3CD7FBF2461A5AC00ABB9C5 /* HomeProtocol.swift */,
				F3CD7FC12461A5BE00ABB9C5 /* HomePresenter.swift */,
				F3CD7FC32461A7D500ABB9C5 /* HomeEntity.swift */,
				F3CD7FC52461A98700ABB9C5 /* HomeEntityMapper.swift */,
				F3CD7FC72461AB9F00ABB9C5 /* HomeItem.swift */,
				F3CD7FC92461C06900ABB9C5 /* LoadingCell.swift */,
				F3CD7FCA2461C06900ABB9C5 /* LoadingCell.xib */,
			);
			path = Home;
			sourceTree = "<group>";
		};
		F3CD7FB12461A07A00ABB9C5 /* Common */ = {
			isa = PBXGroup;
			children = (
				F3CD7FBC2461A54C00ABB9C5 /* Helpers */,
				F3CD7FBB2461A53C00ABB9C5 /* Views */,
				F3CD7FB22461A08700ABB9C5 /* Manager */,
			);
			path = Common;
			sourceTree = "<group>";
		};
		F3CD7FB22461A08700ABB9C5 /* Manager */ = {
			isa = PBXGroup;
			children = (
				F3CD7FB32461A09F00ABB9C5 /* PokemonManager.swift */,
				F3CD7FB52461A0B600ABB9C5 /* PokemonRouter.swift */,
				F3CD7FB72461A37300ABB9C5 /* HomeModel.swift */,
				F3CD7FB92461A3B700ABB9C5 /* Kalo.swift */,
				F3CD7FE424621EDF00ABB9C5 /* GeneractionModel.swift */,
			);
			path = Manager;
			sourceTree = "<group>";
		};
		F3CD7FBB2461A53C00ABB9C5 /* Views */ = {
			isa = PBXGroup;
			children = (
				F3CD7FA12460D21100ABB9C5 /* BoxView.swift */,
			);
			path = Views;
			sourceTree = "<group>";
		};
		F3CD7FBC2461A54C00ABB9C5 /* Helpers */ = {
			isa = PBXGroup;
			children = (
				F3CD7FAD24610DEB00ABB9C5 /* Helper.swift */,
				F3CD7FAF24610E2700ABB9C5 /* ReusableIdentifier.swift */,
			);
			path = Helpers;
			sourceTree = "<group>";
		};
		F3CD7FCD2461DF1F00ABB9C5 /* Generations */ = {
			isa = PBXGroup;
			children = (
				F3CD7FD42461E03C00ABB9C5 /* GenerationCell.swift */,
				F3CD7FD52461E03C00ABB9C5 /* GenerationCell.xib */,
				F3CD7FDA2461ECE300ABB9C5 /* GenerationEntity.swift */,
				F3CD7FE0246210DA00ABB9C5 /* GenerationHeader.swift */,
				F3CD7FE1246210DA00ABB9C5 /* GenerationHeader.xib */,
				F3CD7FD82461ECB900ABB9C5 /* GenerationInteractor.swift */,
				F3CD7FDC2461F12000ABB9C5 /* Generationitem.swift */,
				F3CD7FCE2461DF4700ABB9C5 /* GenerationListView.swift */,
				F3CD7FD22461DFAA00ABB9C5 /* GenerationPresenter.swift */,
				F3CD7FD02461DF7A00ABB9C5 /* GenerationProtocol.swift */,
				F3CD7FDE2461F28300ABB9C5 /* GenerationWiframe.swift */,
				F3CD7FE6246223D600ABB9C5 /* GenerationPokemonEntity.swift */,
			);
			path = Generations;
			sourceTree = "<group>";
		};
/* End PBXGroup section */

/* Begin PBXNativeTarget section */
		F36AEEDF245E69B30053F40A /* PokedexViper */ = {
			isa = PBXNativeTarget;
			buildConfigurationList = F36AEEFF245E69B70053F40A /* Build configuration list for PBXNativeTarget "PokedexViper" */;
			buildPhases = (
				7E6B6AFE83CD05908D1F0B7A /* [CP] Check Pods Manifest.lock */,
				F36AEEDC245E69B30053F40A /* Sources */,
				F36AEEDD245E69B30053F40A /* Frameworks */,
				F36AEEDE245E69B30053F40A /* Resources */,
				A4756A11EB9E33750F0C25BD /* [CP] Embed Pods Frameworks */,
			);
			buildRules = (
			);
			dependencies = (
			);
			name = PokedexViper;
			productName = PokedexViper;
			productReference = F36AEEE0245E69B30053F40A /* PokedexViper.app */;
			productType = "com.apple.product-type.application";
		};
		F36AEEF5245E69B70053F40A /* PokedexViperTests */ = {
			isa = PBXNativeTarget;
			buildConfigurationList = F36AEF02245E69B70053F40A /* Build configuration list for PBXNativeTarget "PokedexViperTests" */;
			buildPhases = (
				9109ACCA0D5E93EE6FCF9EB8 /* [CP] Check Pods Manifest.lock */,
				F36AEEF2245E69B70053F40A /* Sources */,
				F36AEEF3245E69B70053F40A /* Frameworks */,
				F36AEEF4245E69B70053F40A /* Resources */,
			);
			buildRules = (
			);
			dependencies = (
				F36AEEF8245E69B70053F40A /* PBXTargetDependency */,
			);
			name = PokedexViperTests;
			productName = PokedexViperTests;
			productReference = F36AEEF6245E69B70053F40A /* PokedexViperTests.xctest */;
			productType = "com.apple.product-type.bundle.unit-test";
		};
/* End PBXNativeTarget section */

/* Begin PBXProject section */
		F36AEED8245E69B20053F40A /* Project object */ = {
			isa = PBXProject;
			attributes = {
				LastSwiftUpdateCheck = 1140;
				LastUpgradeCheck = 1140;
				ORGANIZATIONNAME = "Thiago Vaz";
				TargetAttributes = {
					F36AEEDF245E69B30053F40A = {
						CreatedOnToolsVersion = 11.4;
					};
					F36AEEF5245E69B70053F40A = {
						CreatedOnToolsVersion = 11.4;
						TestTargetID = F36AEEDF245E69B30053F40A;
					};
				};
			};
			buildConfigurationList = F36AEEDB245E69B20053F40A /* Build configuration list for PBXProject "PokedexViper" */;
			compatibilityVersion = "Xcode 9.3";
			developmentRegion = en;
			hasScannedForEncodings = 0;
			knownRegions = (
				en,
				Base,
			);
			mainGroup = F36AEED7245E69B20053F40A;
			productRefGroup = F36AEEE1245E69B30053F40A /* Products */;
			projectDirPath = "";
			projectRoot = "";
			targets = (
				F36AEEDF245E69B30053F40A /* PokedexViper */,
				F36AEEF5245E69B70053F40A /* PokedexViperTests */,
			);
		};
/* End PBXProject section */

/* Begin PBXResourcesBuildPhase section */
		F36AEEDE245E69B30053F40A /* Resources */ = {
			isa = PBXResourcesBuildPhase;
			buildActionMask = 2147483647;
			files = (
				F36AEEF0245E69B70053F40A /* LaunchScreen.storyboard in Resources */,
				F36AEEED245E69B70053F40A /* Assets.xcassets in Resources */,
				F3CD7FAC2461075D00ABB9C5 /* HomeCell.xib in Resources */,
				F3CD7FD72461E03C00ABB9C5 /* GenerationCell.xib in Resources */,
				F3CD7FCC2461C06900ABB9C5 /* LoadingCell.xib in Resources */,
				F3CD7FE3246210DB00ABB9C5 /* GenerationHeader.xib in Resources */,
				F36AEEEB245E69B30053F40A /* Main.storyboard in Resources */,
			);
			runOnlyForDeploymentPostprocessing = 0;
		};
		F36AEEF4245E69B70053F40A /* Resources */ = {
			isa = PBXResourcesBuildPhase;
			buildActionMask = 2147483647;
			files = (
			);
			runOnlyForDeploymentPostprocessing = 0;
		};
/* End PBXResourcesBuildPhase section */

/* Begin PBXShellScriptBuildPhase section */
		7E6B6AFE83CD05908D1F0B7A /* [CP] Check Pods Manifest.lock */ = {
			isa = PBXShellScriptBuildPhase;
			buildActionMask = 2147483647;
			files = (
			);
			inputFileListPaths = (
			);
			inputPaths = (
				"${PODS_PODFILE_DIR_PATH}/Podfile.lock",
				"${PODS_ROOT}/Manifest.lock",
			);
			name = "[CP] Check Pods Manifest.lock";
			outputFileListPaths = (
			);
			outputPaths = (
				"$(DERIVED_FILE_DIR)/Pods-PokedexViper-checkManifestLockResult.txt",
			);
			runOnlyForDeploymentPostprocessing = 0;
			shellPath = /bin/sh;
			shellScript = "diff \"${PODS_PODFILE_DIR_PATH}/Podfile.lock\" \"${PODS_ROOT}/Manifest.lock\" > /dev/null\nif [ $? != 0 ] ; then\n    # print error to STDERR\n    echo \"error: The sandbox is not in sync with the Podfile.lock. Run 'pod install' or update your CocoaPods installation.\" >&2\n    exit 1\nfi\n# This output is used by Xcode 'outputs' to avoid re-running this script phase.\necho \"SUCCESS\" > \"${SCRIPT_OUTPUT_FILE_0}\"\n";
			showEnvVarsInLog = 0;
		};
		9109ACCA0D5E93EE6FCF9EB8 /* [CP] Check Pods Manifest.lock */ = {
			isa = PBXShellScriptBuildPhase;
			buildActionMask = 2147483647;
			files = (
			);
			inputFileListPaths = (
			);
			inputPaths = (
				"${PODS_PODFILE_DIR_PATH}/Podfile.lock",
				"${PODS_ROOT}/Manifest.lock",
			);
			name = "[CP] Check Pods Manifest.lock";
			outputFileListPaths = (
			);
			outputPaths = (
				"$(DERIVED_FILE_DIR)/Pods-PokedexViperTests-checkManifestLockResult.txt",
			);
			runOnlyForDeploymentPostprocessing = 0;
			shellPath = /bin/sh;
			shellScript = "diff \"${PODS_PODFILE_DIR_PATH}/Podfile.lock\" \"${PODS_ROOT}/Manifest.lock\" > /dev/null\nif [ $? != 0 ] ; then\n    # print error to STDERR\n    echo \"error: The sandbox is not in sync with the Podfile.lock. Run 'pod install' or update your CocoaPods installation.\" >&2\n    exit 1\nfi\n# This output is used by Xcode 'outputs' to avoid re-running this script phase.\necho \"SUCCESS\" > \"${SCRIPT_OUTPUT_FILE_0}\"\n";
			showEnvVarsInLog = 0;
		};
		A4756A11EB9E33750F0C25BD /* [CP] Embed Pods Frameworks */ = {
			isa = PBXShellScriptBuildPhase;
			buildActionMask = 2147483647;
			files = (
			);
			inputFileListPaths = (
				"${PODS_ROOT}/Target Support Files/Pods-PokedexViper/Pods-PokedexViper-frameworks-${CONFIGURATION}-input-files.xcfilelist",
			);
			name = "[CP] Embed Pods Frameworks";
			outputFileListPaths = (
				"${PODS_ROOT}/Target Support Files/Pods-PokedexViper/Pods-PokedexViper-frameworks-${CONFIGURATION}-output-files.xcfilelist",
			);
			runOnlyForDeploymentPostprocessing = 0;
			shellPath = /bin/sh;
			shellScript = "\"${PODS_ROOT}/Target Support Files/Pods-PokedexViper/Pods-PokedexViper-frameworks.sh\"\n";
			showEnvVarsInLog = 0;
		};
/* End PBXShellScriptBuildPhase section */

/* Begin PBXSourcesBuildPhase section */
		F36AEEDC245E69B30053F40A /* Sources */ = {
			isa = PBXSourcesBuildPhase;
			buildActionMask = 2147483647;
			files = (
				F3CD7FB62461A0B600ABB9C5 /* PokemonRouter.swift in Sources */,
				F3CD7FC82461AB9F00ABB9C5 /* HomeItem.swift in Sources */,
				F3CD7FA22460D21100ABB9C5 /* BoxView.swift in Sources */,
				F36AEEE8245E69B30053F40A /* HomeListView.swift in Sources */,
				F3CD7FBE2461A59A00ABB9C5 /* HomeInteractor.swift in Sources */,
				F3CD7FC62461A98700ABB9C5 /* HomeEntityMapper.swift in Sources */,
				F3CD7FE2246210DA00ABB9C5 /* GenerationHeader.swift in Sources */,
				F3CD7FAB2461075D00ABB9C5 /* HomeCell.swift in Sources */,
				F36AEF09245E721F0053F40A /* Colors.swift in Sources */,
				F3CD7FD12461DF7A00ABB9C5 /* GenerationProtocol.swift in Sources */,
				F3CD7FDF2461F28300ABB9C5 /* GenerationWiframe.swift in Sources */,
				F3CD7FB42461A09F00ABB9C5 /* PokemonManager.swift in Sources */,
				F3CD7FC42461A7D500ABB9C5 /* HomeEntity.swift in Sources */,
				F3CD7FBA2461A3B700ABB9C5 /* Kalo.swift in Sources */,
				F3CD7FC02461A5AC00ABB9C5 /* HomeProtocol.swift in Sources */,
				F36AEEE4245E69B30053F40A /* AppDelegate.swift in Sources */,
				F3CD7FAE24610DEB00ABB9C5 /* Helper.swift in Sources */,
				F3CD7FCF2461DF4700ABB9C5 /* GenerationListView.swift in Sources */,
				F3CD7FE524621EDF00ABB9C5 /* GeneractionModel.swift in Sources */,
				F3CD7FD32461DFAA00ABB9C5 /* GenerationPresenter.swift in Sources */,
				F3CD7FC22461A5BE00ABB9C5 /* HomePresenter.swift in Sources */,
				F3CD7FDD2461F12000ABB9C5 /* Generationitem.swift in Sources */,
				F36AEF07245E70150053F40A /* Typography.swift in Sources */,
				F3CD7FB82461A37300ABB9C5 /* HomeModel.swift in Sources */,
				F3CD7FDB2461ECE300ABB9C5 /* GenerationEntity.swift in Sources */,
				F36AEEE6245E69B30053F40A /* SceneDelegate.swift in Sources */,
				F3CD7FE7246223D600ABB9C5 /* GenerationPokemonEntity.swift in Sources */,
				F3CD7FCB2461C06900ABB9C5 /* LoadingCell.swift in Sources */,
				F36AEF0D245F199A0053F40A /* HomeWireframe.swift in Sources */,
				F3CD7FB024610E2700ABB9C5 /* ReusableIdentifier.swift in Sources */,
				F3CD7FD92461ECB900ABB9C5 /* GenerationInteractor.swift in Sources */,
				F3CD7FD62461E03C00ABB9C5 /* GenerationCell.swift in Sources */,
			);
			runOnlyForDeploymentPostprocessing = 0;
		};
		F36AEEF2245E69B70053F40A /* Sources */ = {
			isa = PBXSourcesBuildPhase;
			buildActionMask = 2147483647;
			files = (
				F36AEEFB245E69B70053F40A /* PokedexViperTests.swift in Sources */,
			);
			runOnlyForDeploymentPostprocessing = 0;
		};
/* End PBXSourcesBuildPhase section */

/* Begin PBXTargetDependency section */
		F36AEEF8245E69B70053F40A /* PBXTargetDependency */ = {
			isa = PBXTargetDependency;
			target = F36AEEDF245E69B30053F40A /* PokedexViper */;
			targetProxy = F36AEEF7245E69B70053F40A /* PBXContainerItemProxy */;
		};
/* End PBXTargetDependency section */

/* Begin PBXVariantGroup section */
		F36AEEE9245E69B30053F40A /* Main.storyboard */ = {
			isa = PBXVariantGroup;
			children = (
				F36AEEEA245E69B30053F40A /* Base */,
			);
			name = Main.storyboard;
			sourceTree = "<group>";
		};
		F36AEEEE245E69B70053F40A /* LaunchScreen.storyboard */ = {
			isa = PBXVariantGroup;
			children = (
				F36AEEEF245E69B70053F40A /* Base */,
			);
			name = LaunchScreen.storyboard;
			sourceTree = "<group>";
		};
/* End PBXVariantGroup section */

/* Begin XCBuildConfiguration section */
		F36AEEFD245E69B70053F40A /* Debug */ = {
			isa = XCBuildConfiguration;
			buildSettings = {
				ALWAYS_SEARCH_USER_PATHS = NO;
				CLANG_ANALYZER_NONNULL = YES;
				CLANG_ANALYZER_NUMBER_OBJECT_CONVERSION = YES_AGGRESSIVE;
				CLANG_CXX_LANGUAGE_STANDARD = "gnu++14";
				CLANG_CXX_LIBRARY = "libc++";
				CLANG_ENABLE_MODULES = YES;
				CLANG_ENABLE_OBJC_ARC = YES;
				CLANG_ENABLE_OBJC_WEAK = YES;
				CLANG_WARN_BLOCK_CAPTURE_AUTORELEASING = YES;
				CLANG_WARN_BOOL_CONVERSION = YES;
				CLANG_WARN_COMMA = YES;
				CLANG_WARN_CONSTANT_CONVERSION = YES;
				CLANG_WARN_DEPRECATED_OBJC_IMPLEMENTATIONS = YES;
				CLANG_WARN_DIRECT_OBJC_ISA_USAGE = YES_ERROR;
				CLANG_WARN_DOCUMENTATION_COMMENTS = YES;
				CLANG_WARN_EMPTY_BODY = YES;
				CLANG_WARN_ENUM_CONVERSION = YES;
				CLANG_WARN_INFINITE_RECURSION = YES;
				CLANG_WARN_INT_CONVERSION = YES;
				CLANG_WARN_NON_LITERAL_NULL_CONVERSION = YES;
				CLANG_WARN_OBJC_IMPLICIT_RETAIN_SELF = YES;
				CLANG_WARN_OBJC_LITERAL_CONVERSION = YES;
				CLANG_WARN_OBJC_ROOT_CLASS = YES_ERROR;
				CLANG_WARN_RANGE_LOOP_ANALYSIS = YES;
				CLANG_WARN_STRICT_PROTOTYPES = YES;
				CLANG_WARN_SUSPICIOUS_MOVE = YES;
				CLANG_WARN_UNGUARDED_AVAILABILITY = YES_AGGRESSIVE;
				CLANG_WARN_UNREACHABLE_CODE = YES;
				CLANG_WARN__DUPLICATE_METHOD_MATCH = YES;
				COPY_PHASE_STRIP = NO;
				DEBUG_INFORMATION_FORMAT = dwarf;
				ENABLE_STRICT_OBJC_MSGSEND = YES;
				ENABLE_TESTABILITY = YES;
				GCC_C_LANGUAGE_STANDARD = gnu11;
				GCC_DYNAMIC_NO_PIC = NO;
				GCC_NO_COMMON_BLOCKS = YES;
				GCC_OPTIMIZATION_LEVEL = 0;
				GCC_PREPROCESSOR_DEFINITIONS = (
					"DEBUG=1",
					"$(inherited)",
				);
				GCC_WARN_64_TO_32_BIT_CONVERSION = YES;
				GCC_WARN_ABOUT_RETURN_TYPE = YES_ERROR;
				GCC_WARN_UNDECLARED_SELECTOR = YES;
				GCC_WARN_UNINITIALIZED_AUTOS = YES_AGGRESSIVE;
				GCC_WARN_UNUSED_FUNCTION = YES;
				GCC_WARN_UNUSED_VARIABLE = YES;
				IPHONEOS_DEPLOYMENT_TARGET = 13.4;
				MTL_ENABLE_DEBUG_INFO = INCLUDE_SOURCE;
				MTL_FAST_MATH = YES;
				ONLY_ACTIVE_ARCH = YES;
				SDKROOT = iphoneos;
				SWIFT_ACTIVE_COMPILATION_CONDITIONS = DEBUG;
				SWIFT_OPTIMIZATION_LEVEL = "-Onone";
			};
			name = Debug;
		};
		F36AEEFE245E69B70053F40A /* Release */ = {
			isa = XCBuildConfiguration;
			buildSettings = {
				ALWAYS_SEARCH_USER_PATHS = NO;
				CLANG_ANALYZER_NONNULL = YES;
				CLANG_ANALYZER_NUMBER_OBJECT_CONVERSION = YES_AGGRESSIVE;
				CLANG_CXX_LANGUAGE_STANDARD = "gnu++14";
				CLANG_CXX_LIBRARY = "libc++";
				CLANG_ENABLE_MODULES = YES;
				CLANG_ENABLE_OBJC_ARC = YES;
				CLANG_ENABLE_OBJC_WEAK = YES;
				CLANG_WARN_BLOCK_CAPTURE_AUTORELEASING = YES;
				CLANG_WARN_BOOL_CONVERSION = YES;
				CLANG_WARN_COMMA = YES;
				CLANG_WARN_CONSTANT_CONVERSION = YES;
				CLANG_WARN_DEPRECATED_OBJC_IMPLEMENTATIONS = YES;
				CLANG_WARN_DIRECT_OBJC_ISA_USAGE = YES_ERROR;
				CLANG_WARN_DOCUMENTATION_COMMENTS = YES;
				CLANG_WARN_EMPTY_BODY = YES;
				CLANG_WARN_ENUM_CONVERSION = YES;
				CLANG_WARN_INFINITE_RECURSION = YES;
				CLANG_WARN_INT_CONVERSION = YES;
				CLANG_WARN_NON_LITERAL_NULL_CONVERSION = YES;
				CLANG_WARN_OBJC_IMPLICIT_RETAIN_SELF = YES;
				CLANG_WARN_OBJC_LITERAL_CONVERSION = YES;
				CLANG_WARN_OBJC_ROOT_CLASS = YES_ERROR;
				CLANG_WARN_RANGE_LOOP_ANALYSIS = YES;
				CLANG_WARN_STRICT_PROTOTYPES = YES;
				CLANG_WARN_SUSPICIOUS_MOVE = YES;
				CLANG_WARN_UNGUARDED_AVAILABILITY = YES_AGGRESSIVE;
				CLANG_WARN_UNREACHABLE_CODE = YES;
				CLANG_WARN__DUPLICATE_METHOD_MATCH = YES;
				COPY_PHASE_STRIP = NO;
				DEBUG_INFORMATION_FORMAT = "dwarf-with-dsym";
				ENABLE_NS_ASSERTIONS = NO;
				ENABLE_STRICT_OBJC_MSGSEND = YES;
				GCC_C_LANGUAGE_STANDARD = gnu11;
				GCC_NO_COMMON_BLOCKS = YES;
				GCC_WARN_64_TO_32_BIT_CONVERSION = YES;
				GCC_WARN_ABOUT_RETURN_TYPE = YES_ERROR;
				GCC_WARN_UNDECLARED_SELECTOR = YES;
				GCC_WARN_UNINITIALIZED_AUTOS = YES_AGGRESSIVE;
				GCC_WARN_UNUSED_FUNCTION = YES;
				GCC_WARN_UNUSED_VARIABLE = YES;
				IPHONEOS_DEPLOYMENT_TARGET = 13.4;
				MTL_ENABLE_DEBUG_INFO = NO;
				MTL_FAST_MATH = YES;
				SDKROOT = iphoneos;
				SWIFT_COMPILATION_MODE = wholemodule;
				SWIFT_OPTIMIZATION_LEVEL = "-O";
				VALIDATE_PRODUCT = YES;
			};
			name = Release;
		};
		F36AEF00245E69B70053F40A /* Debug */ = {
			isa = XCBuildConfiguration;
			baseConfigurationReference = 8603D3344C52B3158CB421F8 /* Pods-PokedexViper.debug.xcconfig */;
			buildSettings = {
				ASSETCATALOG_COMPILER_APPICON_NAME = AppIcon;
				CODE_SIGN_STYLE = Automatic;
				INFOPLIST_FILE = PokedexViper/Info.plist;
				LD_RUNPATH_SEARCH_PATHS = (
					"$(inherited)",
					"@executable_path/Frameworks",
				);
				PRODUCT_BUNDLE_IDENTIFIER = br.com.thgdigital.PokedexViper;
				PRODUCT_NAME = "$(TARGET_NAME)";
				SWIFT_VERSION = 5.0;
				TARGETED_DEVICE_FAMILY = "1,2";
			};
			name = Debug;
		};
		F36AEF01245E69B70053F40A /* Release */ = {
			isa = XCBuildConfiguration;
			baseConfigurationReference = 70ED9C29223377575A3C6E6B /* Pods-PokedexViper.release.xcconfig */;
			buildSettings = {
				ASSETCATALOG_COMPILER_APPICON_NAME = AppIcon;
				CODE_SIGN_STYLE = Automatic;
				INFOPLIST_FILE = PokedexViper/Info.plist;
				LD_RUNPATH_SEARCH_PATHS = (
					"$(inherited)",
					"@executable_path/Frameworks",
				);
				PRODUCT_BUNDLE_IDENTIFIER = br.com.thgdigital.PokedexViper;
				PRODUCT_NAME = "$(TARGET_NAME)";
				SWIFT_VERSION = 5.0;
				TARGETED_DEVICE_FAMILY = "1,2";
			};
			name = Release;
		};
		F36AEF03245E69B70053F40A /* Debug */ = {
			isa = XCBuildConfiguration;
			baseConfigurationReference = E15154343DFA8AC5D417A248 /* Pods-PokedexViperTests.debug.xcconfig */;
			buildSettings = {
				ALWAYS_EMBED_SWIFT_STANDARD_LIBRARIES = YES;
				BUNDLE_LOADER = "$(TEST_HOST)";
				CODE_SIGN_STYLE = Automatic;
				INFOPLIST_FILE = PokedexViperTests/Info.plist;
				IPHONEOS_DEPLOYMENT_TARGET = 13.4;
				LD_RUNPATH_SEARCH_PATHS = (
					"$(inherited)",
					"@executable_path/Frameworks",
					"@loader_path/Frameworks",
				);
				PRODUCT_BUNDLE_IDENTIFIER = br.com.thgdigital.PokedexViperTests;
				PRODUCT_NAME = "$(TARGET_NAME)";
				SWIFT_VERSION = 5.0;
				TARGETED_DEVICE_FAMILY = "1,2";
				TEST_HOST = "$(BUILT_PRODUCTS_DIR)/PokedexViper.app/PokedexViper";
			};
			name = Debug;
		};
		F36AEF04245E69B70053F40A /* Release */ = {
			isa = XCBuildConfiguration;
			baseConfigurationReference = 364FA6C71A2E5F22A592CFEC /* Pods-PokedexViperTests.release.xcconfig */;
			buildSettings = {
				ALWAYS_EMBED_SWIFT_STANDARD_LIBRARIES = YES;
				BUNDLE_LOADER = "$(TEST_HOST)";
				CODE_SIGN_STYLE = Automatic;
				INFOPLIST_FILE = PokedexViperTests/Info.plist;
				IPHONEOS_DEPLOYMENT_TARGET = 13.4;
				LD_RUNPATH_SEARCH_PATHS = (
					"$(inherited)",
					"@executable_path/Frameworks",
					"@loader_path/Frameworks",
				);
				PRODUCT_BUNDLE_IDENTIFIER = br.com.thgdigital.PokedexViperTests;
				PRODUCT_NAME = "$(TARGET_NAME)";
				SWIFT_VERSION = 5.0;
				TARGETED_DEVICE_FAMILY = "1,2";
				TEST_HOST = "$(BUILT_PRODUCTS_DIR)/PokedexViper.app/PokedexViper";
			};
			name = Release;
		};
/* End XCBuildConfiguration section */

/* Begin XCConfigurationList section */
		F36AEEDB245E69B20053F40A /* Build configuration list for PBXProject "PokedexViper" */ = {
			isa = XCConfigurationList;
			buildConfigurations = (
				F36AEEFD245E69B70053F40A /* Debug */,
				F36AEEFE245E69B70053F40A /* Release */,
			);
			defaultConfigurationIsVisible = 0;
			defaultConfigurationName = Release;
		};
		F36AEEFF245E69B70053F40A /* Build configuration list for PBXNativeTarget "PokedexViper" */ = {
			isa = XCConfigurationList;
			buildConfigurations = (
				F36AEF00245E69B70053F40A /* Debug */,
				F36AEF01245E69B70053F40A /* Release */,
			);
			defaultConfigurationIsVisible = 0;
			defaultConfigurationName = Release;
		};
		F36AEF02245E69B70053F40A /* Build configuration list for PBXNativeTarget "PokedexViperTests" */ = {
			isa = XCConfigurationList;
			buildConfigurations = (
				F36AEF03245E69B70053F40A /* Debug */,
				F36AEF04245E69B70053F40A /* Release */,
			);
			defaultConfigurationIsVisible = 0;
			defaultConfigurationName = Release;
		};
/* End XCConfigurationList section */
	};
	rootObject = F36AEED8245E69B20053F40A /* Project object */;
}
